# This file is automatically @generated by Poetry 2.1.2 and should not be changed by hand.

[[package]]
name = "psutils"
version = "3.3.11"
description = "Manipulate PDF and PostScript documents"
optional = false
python-versions = ">=3.9"
groups = ["main"]
files = [
    {file = "psutils-3.3.11-py3-none-any.whl", hash = "sha256:218c7045ce93c9e5306cc176fbe99213d3d0ca07e3dc1f5ba60c80d3790da746"},
    {file = "psutils-3.3.11.tar.gz", hash = "sha256:4bc1bb3667e144f907527bda2df92fb5533deba0192f9d2e086ceb9d6c15328b"},
]

[package.dependencies]
puremagic = ">=1.26"
pypdf = ">=4.3.0"

[package.extras]
test = ["Wand", "pytest-datafiles"]

[[package]]
name = "puremagic"
version = "1.30"
description = "Pure python implementation of magic file detection"
optional = false
python-versions = "*"
groups = ["main"]
files = [
    {file = "puremagic-1.30-py3-none-any.whl", hash = "sha256:5eeeb2dd86f335b9cfe8e205346612197af3500c6872dffebf26929f56e9d3c1"},
    {file = "puremagic-1.30.tar.gz", hash = "sha256:f9ff7ac157d54e9cf3bff1addfd97233548e75e685282d84ae11e7ffee1614c9"},
]

[[package]]
name = "pypdf"
version = "6.0.0"
description = "A pure-python PDF library capable of splitting, merging, cropping, and transforming PDF files"
optional = false
python-versions = ">=3.9"
groups = ["main"]
files = [
    {file = "pypdf-6.0.0-py3-none-any.whl", hash = "sha256:56ea60100ce9f11fc3eec4f359da15e9aec3821b036c1f06d2b660d35683abb8"},
    {file = "pypdf-6.0.0.tar.gz", hash = "sha256:282a99d2cc94a84a3a3159f0d9358c0af53f85b4d28d76ea38b96e9e5ac2a08d"},
]

[package.extras]
crypto = ["cryptography"]
cryptodome = ["PyCryptodome"]
dev = ["black", "flit", "pip-tools", "pre-commit", "pytest-cov", "pytest-socket", "pytest-timeout", "pytest-xdist", "wheel"]
docs = ["myst_parser", "sphinx", "sphinx_rtd_theme"]
full = ["Pillow (>=8.0.0)", "cryptography"]
image = ["Pillow (>=8.0.0)"]

[metadata]
lock-version = "2.1"
python-versions = ">=3.13"
content-hash = "c9fa771be80dfeae0bed68cbde8a5f3c1079c0932b3341dfc29bef12ac05c71b"
